Microsoft Visual Studio Solution File, Format Version 12.00
# Visual Studio Version 17
VisualStudioVersion = 17.5.2.0
MinimumVisualStudioVersion = 10.0.40219.1
Project("{2150E333-8FDC-42A3-9474-1A3956D46DE8}") = "tests", "tests", "{0AB3BF05-4346-4AA6-1389-037BE0695223}"
EndProject
Project("{FAE04EC0-301F-11D3-BF4B-00C04F79EFBC}") = "Utilities.Tests", "tests\Utilities.Tests\Utilities.Tests.csproj", "{E96253C8-FBF4-6AFE-A0E8-9E40A3C929FE}"
EndProject
Global
	GlobalSection(SolutionConfigurationPlatforms) = preSolution
		Debug|Any CPU = Debug|Any CPU
		Release|Any CPU = Release|Any CPU
	EndGlobalSection
	GlobalSection(ProjectConfigurationPlatforms) = postSolution
		{E96253C8-FBF4-6AFE-A0E8-9E40A3C929FE}.Debug|Any CPU.ActiveCfg = Debug|Any CPU
		{E96253C8-FBF4-6AFE-A0E8-9E40A3C929FE}.Debug|Any CPU.Build.0 = Debug|Any CPU
		{E96253C8-FBF4-6AFE-A0E8-9E40A3C929FE}.Release|Any CPU.ActiveCfg = Release|Any CPU
		{E96253C8-FBF4-6AFE-A0E8-9E40A3C929FE}.Release|Any CPU.Build.0 = Release|Any CPU
	EndGlobalSection
	GlobalSection(SolutionProperties) = preSolution
		HideSolutionNode = FALSE
	EndGlobalSection
	GlobalSection(NestedProjects) = preSolution
		{E96253C8-FBF4-6AFE-A0E8-9E40A3C929FE} = {0AB3BF05-4346-4AA6-1389-037BE0695223}
	EndGlobalSection
	GlobalSection(ExtensibilityGlobals) = postSolution
		SolutionGuid = {E6DD44DD-D07D-478E-866C-ECA1B197F5E8}
	EndGlobalSection
EndGlobal
